
Microsoft Visual Studio Solution File, Format Version 12.00
# Visual Studio 15
VisualStudioVersion = 15.0.28307.136
MinimumVisualStudioVersion = 10.0.40219.1
Project("{FAE04EC0-301F-11D3-BF4B-00C04F79EFBC}") = "DFA", "DFA\DFA.csproj", "{48AAD8D5-9642-4B31-BF3F-BE6D2F4D4DFC}"
EndProject
Global
	GlobalSection(SolutionConfigurationPlatforms) = preSolution
		Debug|Any CPU = Debug|Any CPU
		Release|Any CPU = Release|Any CPU
	EndGlobalSection
	GlobalSection(ProjectConfigurationPlatforms) = postSolution
		{48AAD8D5-9642-4B31-BF3F-BE6D2F4D4DFC}.Debug|Any CPU.ActiveCfg = Debug|Any CPU
		{48AAD8D5-9642-4B31-BF3F-BE6D2F4D4DFC}.Debug|Any CPU.Build.0 = Debug|Any CPU
		{48AAD8D5-9642-4B31-BF3F-BE6D2F4D4DFC}.Release|Any CPU.ActiveCfg = Release|Any CPU
		{48AAD8D5-9642-4B31-BF3F-BE6D2F4D4DFC}.Release|Any CPU.Build.0 = Release|Any CPU
	EndGlobalSection
	GlobalSection(SolutionProperties) = preSolution
		HideSolutionNode = FALSE
	EndGlobalSection
	GlobalSection(ExtensibilityGlobals) = postSolution
		SolutionGuid = {308331DE-6937-426C-89DA-1CD02E6F06DB}
	EndGlobalSection
EndGlobal
